<?xml version="1.0" encoding="utf-8"?>
<Project ToolsVersion="4.0" xmlns="http://schemas.microsoft.com/developer/msbuild/2003">
  <ItemGroup>
    <Filter Include="Source Files">
      <UniqueIdentifier>{4FC737F1-C7A5-4376-A066-2A32D752A2FF}</UniqueIdentifier>
      <Extensions>cpp;c;cc;cxx;c++;cppm;ixx;def;odl;idl;hpj;bat;asm;asmx</Extensions>
    </Filter>
    <Filter Include="Header Files">
      <UniqueIdentifier>{93995380-89BD-4b04-88EB-625FBE52EBFB}</UniqueIdentifier>
      <Extensions>h;hh;hpp;hxx;h++;hm;inl;inc;ipp;xsd</Extensions>
    </Filter>
    <Filter Include="Resource Files">
      <UniqueIdentifier>{67DA6AB6-F800-4c08-8B7A-83BB121AAD01}</UniqueIdentifier>
      <Extensions>rc;ico;cur;bmp;dlg;rc2;rct;bin;rgs;gif;jpg;jpeg;jpe;resx;tiff;tif;png;wav;mfcribbon-ms</Extensions>
    </Filter>
    <Filter Include="Source Files\Classes">
      <UniqueIdentifier>{0db8e71c-727e-4277-a959-55d52a82e022}</UniqueIdentifier>
    </Filter>
    <Filter Include="Source Files\Repository">
      <UniqueIdentifier>{efdd2edf-48b5-4d45-ba63-4a804aa6d03b}</UniqueIdentifier>
    </Filter>
    <Filter Include="Source Files\Algorithms">
      <UniqueIdentifier>{a2648ca6-7103-478d-b1ee-8b6aaaecda0d}</UniqueIdentifier>
    </Filter>
    <Filter Include="Source Files\UI">
      <UniqueIdentifier>{e8abcec2-770f-4b35-8399-07623d8706b1}</UniqueIdentifier>
    </Filter>
    <Filter Include="Source Files\UI\Input">
      <UniqueIdentifier>{402f64e4-d28b-4d13-ab6b-bfa392862a7e}</UniqueIdentifier>
    </Filter>
  </ItemGroup>
  <ItemGroup>
    <ClCompile Include="main.cpp">
      <Filter>Source Files</Filter>
    </ClCompile>
    <ClCompile Include="user.cpp">
      <Filter>Source Files\Classes</Filter>
    </ClCompile>
    <ClCompile Include="uni.cpp">
      <Filter>Source Files\Classes</Filter>
    </ClCompile>
    <ClCompile Include="admin.cpp">
      <Filter>Source Files\Classes</Filter>
    </ClCompile>
    <ClCompile Include="favUni.cpp">
      <Filter>Source Files\Classes</Filter>
    </ClCompile>
    <ClCompile Include="feedback.cpp">
      <Filter>Source Files\Classes</Filter>
    </ClCompile>
    <ClCompile Include="reply.cpp">
      <Filter>Source Files\Classes</Filter>
    </ClCompile>
  </ItemGroup>
  <ItemGroup>
    <ClInclude Include="repository.h">
      <Filter>Source Files\Repository</Filter>
    </ClInclude>
    <ClInclude Include="user.hpp">
      <Filter>Source Files\Classes</Filter>
    </ClInclude>
    <ClInclude Include="uni.hpp">
      <Filter>Source Files\Classes</Filter>
    </ClInclude>
    <ClInclude Include="predefinedData.h">
      <Filter>Source Files\Repository</Filter>
    </ClInclude>
    <ClInclude Include="loadUniCSV.h">
      <Filter>Source Files\Repository</Filter>
    </ClInclude>
    <ClInclude Include="admin.hpp">
      <Filter>Source Files\Classes</Filter>
    </ClInclude>
    <ClInclude Include="favUni.hpp">
      <Filter>Source Files\Classes</Filter>
    </ClInclude>
    <ClInclude Include="feedback.hpp">
      <Filter>Source Files\Classes</Filter>
    </ClInclude>
    <ClInclude Include="reply.hpp">
      <Filter>Source Files\Classes</Filter>
    </ClInclude>
    <ClInclude Include="adminMenuUI.h">
      <Filter>Source Files\UI</Filter>
    </ClInclude>
    <ClInclude Include="addUser.h">
      <Filter>Source Files\Repository</Filter>
    </ClInclude>
    <ClInclude Include="mainMenuUI.h">
      <Filter>Source Files\UI</Filter>
    </ClInclude>
    <ClInclude Include="mainMenu.h">
      <Filter>Source Files\UI\Input</Filter>
    </ClInclude>
    <ClInclude Include="userMenu.h">
      <Filter>Source Files\UI\Input</Filter>
    </ClInclude>
    <ClInclude Include="userMenuUI.h">
      <Filter>Source Files\UI</Filter>
    </ClInclude>
    <ClInclude Include="adminMenu.h">
      <Filter>Source Files\UI\Input</Filter>
    </ClInclude>
    <ClInclude Include="quickSort.h">
      <Filter>Source Files\Algorithms</Filter>
    </ClInclude>
    <ClInclude Include="mergeSort.h">
      <Filter>Source Files\Algorithms</Filter>
    </ClInclude>
    <ClInclude Include="guestMenuUI.h">
      <Filter>Source Files\UI</Filter>
    </ClInclude>
    <ClInclude Include="guestMenu.h">
      <Filter>Source Files\UI\Input</Filter>
    </ClInclude>
  </ItemGroup>
</Project>